{
	"name": "tslproducts-umd",
	"version": "1.2.1",
	"lockfileVersion": 1,
	"requires": true,
	"dependencies": {
		"debug": {
			"version": "4.3.2",
			"resolved": "https://registry.npmjs.org/debug/-/debug-4.3.2.tgz",
			"integrity": "sha512-mOp8wKcvj7XxC78zLgw/ZA+6TSgkoE2C/ienthhRD298T7UNwAg9diBpLRxC0mOezLl4B0xV7M0cCO6P/O0Xhw==",
			"requires": {
				"ms": "2.1.2"
			}
		},
		"dgram": {
			"version": "1.0.1",
			"resolved": "https://registry.npmjs.org/dgram/-/dgram-1.0.1.tgz",
			"integrity": "sha1-N/OyAPgDOl/3WTAwicgc42G2UcM="
		},
		"ms": {
			"version": "2.1.2",
			"resolved": "https://registry.npmjs.org/ms/-/ms-2.1.2.tgz",
			"integrity": "sha512-sGkPx+VjMtmA6MX27oA4FBFELFCZZ4S4XqeGOXCv68tT+jb3vk/RyaKWP0PTKyWtmLSM0b+adUTEvbs1PEaH2w=="
		},
		"net": {
			"version": "1.0.2",
			"resolved": "https://registry.npmjs.org/net/-/net-1.0.2.tgz",
			"integrity": "sha1-0XV+yaf7I3HYPPR1XOPifhCCk4g="
		},
		"tsl-umd-v5": {
			"version": "1.0.3",
			"resolved": "https://registry.npmjs.org/tsl-umd-v5/-/tsl-umd-v5-1.0.3.tgz",
			"integrity": "sha512-9RxsbQQFdEntsAVKQ9DzsAPrOiNAC2i8KMBid8feOCzQKN54/niCbbB46O9SKT1aNUowz3VpFnUdVxb2z78Neg==",
			"requires": {
				"debug": "^4.3.2",
				"dgram": "^1.0.1",
				"net": "^1.0.2"
			}
		}
	}
}
