# THIS IS AN AUTOGENERATED FILE. DO NOT EDIT THIS FILE DIRECTLY.
# yarn lockfile v1


debug@^4.3.2:
  version "4.3.2"
  resolved "https://registry.yarnpkg.com/debug/-/debug-4.3.2.tgz#f0a49c18ac8779e31d4a0c6029dfb76873c7428b"
  integrity sha512-mOp8wKcvj7XxC78zLgw/ZA+6TSgkoE2C/ienthhRD298T7UNwAg9diBpLRxC0mOezLl4B0xV7M0cCO6P/O0Xhw==
  dependencies:
    ms "2.1.2"

dgram@^1.0.1:
  version "1.0.1"
  resolved "https://registry.yarnpkg.com/dgram/-/dgram-1.0.1.tgz#37f3b200f8033a5ff759303089c81ce361b651c3"
  integrity sha1-N/OyAPgDOl/3WTAwicgc42G2UcM=

ms@2.1.2:
  version "2.1.2"
  resolved "https://registry.yarnpkg.com/ms/-/ms-2.1.2.tgz#d09d1f357b443f493382a8eb3ccd183872ae6009"
  integrity sha512-sGkPx+VjMtmA6MX27oA4FBFELFCZZ4S4XqeGOXCv68tT+jb3vk/RyaKWP0PTKyWtmLSM0b+adUTEvbs1PEaH2w==

net@^1.0.2:
  version "1.0.2"
  resolved "https://registry.yarnpkg.com/net/-/net-1.0.2.tgz#d1757ec9a7fb2371d83cf4755ce3e27e10829388"
  integrity sha1-0XV+yaf7I3HYPPR1XOPifhCCk4g=

tsl-umd-v5@^1.0.3:
  version "1.0.3"
  resolved "https://registry.yarnpkg.com/tsl-umd-v5/-/tsl-umd-v5-1.0.3.tgz#e99f0fafe1037e9f4aa59260d57f324f706bab95"
  integrity sha512-9RxsbQQFdEntsAVKQ9DzsAPrOiNAC2i8KMBid8feOCzQKN54/niCbbB46O9SKT1aNUowz3VpFnUdVxb2z78Neg==
  dependencies:
    debug "^4.3.2"
    dgram "^1.0.1"
    net "^1.0.2"
